
Microsoft Visual Studio Solution File, Format Version 12.00
# Visual Studio 15
VisualStudioVersion = 15.0.27004.2006
MinimumVisualStudioVersion = 10.0.40219.1
Project("{FAE04EC0-301F-11D3-BF4B-00C04F79EFBC}") = "AppFilePicker.Android", "AppFilePicker\AppFilePicker.Android\AppFilePicker.Android.csproj", "{0FD3036B-86AB-4758-BFF5-0485CBF66A8D}"
EndProject
Project("{FAE04EC0-301F-11D3-BF4B-00C04F79EFBC}") = "AppFilePicker", "AppFilePicker\AppFilePicker\AppFilePicker.csproj", "{E541B919-CD2B-473B-9AE6-98CC876568F9}"
EndProject
Project("{FAE04EC0-301F-11D3-BF4B-00C04F79EFBC}") = "AppFilePicker.iOS", "AppFilePicker\AppFilePicker.iOS\AppFilePicker.iOS.csproj", "{2F0B5623-EAF6-4124-B6A2-BBFA9C3FB03E}"
EndProject
Global
	GlobalSection(SolutionConfigurationPlatforms) = preSolution
		Ad-Hoc|Any CPU = Ad-Hoc|Any CPU
		Ad-Hoc|iPhone = Ad-Hoc|iPhone
		Ad-Hoc|iPhoneSimulator = Ad-Hoc|iPhoneSimulator
		AppStore|Any CPU = AppStore|Any CPU
		AppStore|iPhone = AppStore|iPhone
		AppStore|iPhoneSimulator = AppStore|iPhoneSimulator
		Debug|Any CPU = Debug|Any CPU
		Debug|iPhone = Debug|iPhone
		Debug|iPhoneSimulator = Debug|iPhoneSimulator
		Release|Any CPU = Release|Any CPU
		Release|iPhone = Release|iPhone
		Release|iPhoneSimulator = Release|iPhoneSimulator
	EndGlobalSection
	GlobalSection(ProjectConfigurationPlatforms) = postSolution
		{0FD3036B-86AB-4758-BFF5-0485CBF66A8D}.Ad-Hoc|Any CPU.ActiveCfg = Release|Any CPU
		{0FD3036B-86AB-4758-BFF5-0485CBF66A8D}.Ad-Hoc|Any CPU.Build.0 = Release|Any CPU
		{0FD3036B-86AB-4758-BFF5-0485CBF66A8D}.Ad-Hoc|Any CPU.Deploy.0 = Release|Any CPU
		{0FD3036B-86AB-4758-BFF5-0485CBF66A8D}.Ad-Hoc|iPhone.ActiveCfg = Release|Any CPU
		{0FD3036B-86AB-4758-BFF5-0485CBF66A8D}.Ad-Hoc|iPhone.Build.0 = Release|Any CPU
		{0FD3036B-86AB-4758-BFF5-0485CBF66A8D}.Ad-Hoc|iPhone.Deploy.0 = Release|Any CPU
		{0FD3036B-86AB-4758-BFF5-0485CBF66A8D}.Ad-Hoc|iPhoneSimulator.ActiveCfg = Release|Any CPU
		{0FD3036B-86AB-4758-BFF5-0485CBF66A8D}.Ad-Hoc|iPhoneSimulator.Build.0 = Release|Any CPU
		{0FD3036B-86AB-4758-BFF5-0485CBF66A8D}.Ad-Hoc|iPhoneSimulator.Deploy.0 = Release|Any CPU
		{0FD3036B-86AB-4758-BFF5-0485CBF66A8D}.AppStore|Any CPU.ActiveCfg = Release|Any CPU
		{0FD3036B-86AB-4758-BFF5-0485CBF66A8D}.AppStore|Any CPU.Build.0 = Release|Any CPU
		{0FD3036B-86AB-4758-BFF5-0485CBF66A8D}.AppStore|Any CPU.Deploy.0 = Release|Any CPU
		{0FD3036B-86AB-4758-BFF5-0485CBF66A8D}.AppStore|iPhone.ActiveCfg = Release|Any CPU
		{0FD3036B-86AB-4758-BFF5-0485CBF66A8D}.AppStore|iPhone.Build.0 = Release|Any CPU
		{0FD3036B-86AB-4758-BFF5-0485CBF66A8D}.AppStore|iPhone.Deploy.0 = Release|Any CPU
		{0FD3036B-86AB-4758-BFF5-0485CBF66A8D}.AppStore|iPhoneSimulator.ActiveCfg = Release|Any CPU
		{0FD3036B-86AB-4758-BFF5-0485CBF66A8D}.AppStore|iPhoneSimulator.Build.0 = Release|Any CPU
		{0FD3036B-86AB-4758-BFF5-0485CBF66A8D}.AppStore|iPhoneSimulator.Deploy.0 = Release|Any CPU
		{0FD3036B-86AB-4758-BFF5-0485CBF66A8D}.Debug|Any CPU.ActiveCfg = Debug|Any CPU
		{0FD3036B-86AB-4758-BFF5-0485CBF66A8D}.Debug|Any CPU.Build.0 = Debug|Any CPU
		{0FD3036B-86AB-4758-BFF5-0485CBF66A8D}.Debug|Any CPU.Deploy.0 = Debug|Any CPU
		{0FD3036B-86AB-4758-BFF5-0485CBF66A8D}.Debug|iPhone.ActiveCfg = Debug|Any CPU
		{0FD3036B-86AB-4758-BFF5-0485CBF66A8D}.Debug|iPhone.Build.0 = Debug|Any CPU
		{0FD3036B-86AB-4758-BFF5-0485CBF66A8D}.Debug|iPhone.Deploy.0 = Debug|Any CPU
		{0FD3036B-86AB-4758-BFF5-0485CBF66A8D}.Debug|iPhoneSimulator.ActiveCfg = Debug|Any CPU
		{0FD3036B-86AB-4758-BFF5-0485CBF66A8D}.Debug|iPhoneSimulator.Build.0 = Debug|Any CPU
		{0FD3036B-86AB-4758-BFF5-0485CBF66A8D}.Debug|iPhoneSimulator.Deploy.0 = Debug|Any CPU
		{0FD3036B-86AB-4758-BFF5-0485CBF66A8D}.Release|Any CPU.ActiveCfg = Release|Any CPU
		{0FD3036B-86AB-4758-BFF5-0485CBF66A8D}.Release|Any CPU.Build.0 = Release|Any CPU
		{0FD3036B-86AB-4758-BFF5-0485CBF66A8D}.Release|Any CPU.Deploy.0 = Release|Any CPU
		{0FD3036B-86AB-4758-BFF5-0485CBF66A8D}.Release|iPhone.ActiveCfg = Release|Any CPU
		{0FD3036B-86AB-4758-BFF5-0485CBF66A8D}.Release|iPhone.Build.0 = Release|Any CPU
		{0FD3036B-86AB-4758-BFF5-0485CBF66A8D}.Release|iPhone.Deploy.0 = Release|Any CPU
		{0FD3036B-86AB-4758-BFF5-0485CBF66A8D}.Release|iPhoneSimulator.ActiveCfg = Release|Any CPU
		{0FD3036B-86AB-4758-BFF5-0485CBF66A8D}.Release|iPhoneSimulator.Build.0 = Release|Any CPU
		{0FD3036B-86AB-4758-BFF5-0485CBF66A8D}.Release|iPhoneSimulator.Deploy.0 = Release|Any CPU
		{E541B919-CD2B-473B-9AE6-98CC876568F9}.Ad-Hoc|Any CPU.ActiveCfg = Release|Any CPU
		{E541B919-CD2B-473B-9AE6-98CC876568F9}.Ad-Hoc|Any CPU.Build.0 = Release|Any CPU
		{E541B919-CD2B-473B-9AE6-98CC876568F9}.Ad-Hoc|iPhone.ActiveCfg = Release|Any CPU
		{E541B919-CD2B-473B-9AE6-98CC876568F9}.Ad-Hoc|iPhone.Build.0 = Release|Any CPU
		{E541B919-CD2B-473B-9AE6-98CC876568F9}.Ad-Hoc|iPhoneSimulator.ActiveCfg = Release|Any CPU
		{E541B919-CD2B-473B-9AE6-98CC876568F9}.Ad-Hoc|iPhoneSimulator.Build.0 = Release|Any CPU
		{E541B919-CD2B-473B-9AE6-98CC876568F9}.AppStore|Any CPU.ActiveCfg = Release|Any CPU
		{E541B919-CD2B-473B-9AE6-98CC876568F9}.AppStore|Any CPU.Build.0 = Release|Any CPU
		{E541B919-CD2B-473B-9AE6-98CC876568F9}.AppStore|iPhone.ActiveCfg = Release|Any CPU
		{E541B919-CD2B-473B-9AE6-98CC876568F9}.AppStore|iPhone.Build.0 = Release|Any CPU
		{E541B919-CD2B-473B-9AE6-98CC876568F9}.AppStore|iPhoneSimulator.ActiveCfg = Release|Any CPU
		{E541B919-CD2B-473B-9AE6-98CC876568F9}.AppStore|iPhoneSimulator.Build.0 = Release|Any CPU
		{E541B919-CD2B-473B-9AE6-98CC876568F9}.Debug|Any CPU.ActiveCfg = Debug|Any CPU
		{E541B919-CD2B-473B-9AE6-98CC876568F9}.Debug|Any CPU.Build.0 = Debug|Any CPU
		{E541B919-CD2B-473B-9AE6-98CC876568F9}.Debug|iPhone.ActiveCfg = Debug|Any CPU
		{E541B919-CD2B-473B-9AE6-98CC876568F9}.Debug|iPhone.Build.0 = Debug|Any CPU
		{E541B919-CD2B-473B-9AE6-98CC876568F9}.Debug|iPhoneSimulator.ActiveCfg = Debug|Any CPU
		{E541B919-CD2B-473B-9AE6-98CC876568F9}.Debug|iPhoneSimulator.Build.0 = Debug|Any CPU
		{E541B919-CD2B-473B-9AE6-98CC876568F9}.Release|Any CPU.ActiveCfg = Release|Any CPU
		{E541B919-CD2B-473B-9AE6-98CC876568F9}.Release|Any CPU.Build.0 = Release|Any CPU
		{E541B919-CD2B-473B-9AE6-98CC876568F9}.Release|iPhone.ActiveCfg = Release|Any CPU
		{E541B919-CD2B-473B-9AE6-98CC876568F9}.Release|iPhone.Build.0 = Release|Any CPU
		{E541B919-CD2B-473B-9AE6-98CC876568F9}.Release|iPhoneSimulator.ActiveCfg = Release|Any CPU
		{E541B919-CD2B-473B-9AE6-98CC876568F9}.Release|iPhoneSimulator.Build.0 = Release|Any CPU
		{2F0B5623-EAF6-4124-B6A2-BBFA9C3FB03E}.Ad-Hoc|Any CPU.ActiveCfg = Ad-Hoc|iPhoneSimulator
		{2F0B5623-EAF6-4124-B6A2-BBFA9C3FB03E}.Ad-Hoc|iPhone.ActiveCfg = Ad-Hoc|iPhone
		{2F0B5623-EAF6-4124-B6A2-BBFA9C3FB03E}.Ad-Hoc|iPhone.Build.0 = Ad-Hoc|iPhone
		{2F0B5623-EAF6-4124-B6A2-BBFA9C3FB03E}.Ad-Hoc|iPhoneSimulator.ActiveCfg = Ad-Hoc|iPhoneSimulator
		{2F0B5623-EAF6-4124-B6A2-BBFA9C3FB03E}.Ad-Hoc|iPhoneSimulator.Build.0 = Ad-Hoc|iPhoneSimulator
		{2F0B5623-EAF6-4124-B6A2-BBFA9C3FB03E}.AppStore|Any CPU.ActiveCfg = AppStore|iPhoneSimulator
		{2F0B5623-EAF6-4124-B6A2-BBFA9C3FB03E}.AppStore|iPhone.ActiveCfg = AppStore|iPhone
		{2F0B5623-EAF6-4124-B6A2-BBFA9C3FB03E}.AppStore|iPhone.Build.0 = AppStore|iPhone
		{2F0B5623-EAF6-4124-B6A2-BBFA9C3FB03E}.AppStore|iPhoneSimulator.ActiveCfg = AppStore|iPhoneSimulator
		{2F0B5623-EAF6-4124-B6A2-BBFA9C3FB03E}.AppStore|iPhoneSimulator.Build.0 = AppStore|iPhoneSimulator
		{2F0B5623-EAF6-4124-B6A2-BBFA9C3FB03E}.Debug|Any CPU.ActiveCfg = Debug|iPhoneSimulator
		{2F0B5623-EAF6-4124-B6A2-BBFA9C3FB03E}.Debug|iPhone.ActiveCfg = Debug|iPhone
		{2F0B5623-EAF6-4124-B6A2-BBFA9C3FB03E}.Debug|iPhone.Build.0 = Debug|iPhone
		{2F0B5623-EAF6-4124-B6A2-BBFA9C3FB03E}.Debug|iPhoneSimulator.ActiveCfg = Debug|iPhoneSimulator
		{2F0B5623-EAF6-4124-B6A2-BBFA9C3FB03E}.Debug|iPhoneSimulator.Build.0 = Debug|iPhoneSimulator
		{2F0B5623-EAF6-4124-B6A2-BBFA9C3FB03E}.Release|Any CPU.ActiveCfg = Release|iPhoneSimulator
		{2F0B5623-EAF6-4124-B6A2-BBFA9C3FB03E}.Release|iPhone.ActiveCfg = Release|iPhone
		{2F0B5623-EAF6-4124-B6A2-BBFA9C3FB03E}.Release|iPhone.Build.0 = Release|iPhone
		{2F0B5623-EAF6-4124-B6A2-BBFA9C3FB03E}.Release|iPhoneSimulator.ActiveCfg = Release|iPhoneSimulator
		{2F0B5623-EAF6-4124-B6A2-BBFA9C3FB03E}.Release|iPhoneSimulator.Build.0 = Release|iPhoneSimulator
	EndGlobalSection
	GlobalSection(SolutionProperties) = preSolution
		HideSolutionNode = FALSE
	EndGlobalSection
	GlobalSection(ExtensibilityGlobals) = postSolution
		SolutionGuid = {E18B5381-6E20-40B9-9651-2DF19388BA29}
	EndGlobalSection
EndGlobal
